
Microsoft Visual Studio Solution File, Format Version 12.00
Project("{FAE04EC0-301F-11D3-BF4B-00C04F79EFBC}") = "EzDomain.EventSourcing", "EzDomain.EventSourcing\EzDomain.EventSourcing.csproj", "{1B5D99CE-3669-4F2E-99EA-F950060B2183}"
EndProject
Project("{FAE04EC0-301F-11D3-BF4B-00C04F79EFBC}") = "EzDomain.EventSourcing.TestApp", "EzDomain.EventSourcing.TestApp\EzDomain.EventSourcing.TestApp.csproj", "{6AA737F9-0333-4B76-8FD8-07D0944D6C30}"
EndProject
Project("{FAE04EC0-301F-11D3-BF4B-00C04F79EFBC}") = "EzDomain.EventSourcing.Tests", "EzDomain.EventSourcing.Tests\EzDomain.EventSourcing.Tests.csproj", "{FFF6F606-1EEC-48F2-B1ED-03DCE96E60EB}"
EndProject
Global
	GlobalSection(SolutionConfigurationPlatforms) = preSolution
		Debug|Any CPU = Debug|Any CPU
		Release|Any CPU = Release|Any CPU
	EndGlobalSection
	GlobalSection(ProjectConfigurationPlatforms) = postSolution
		{1B5D99CE-3669-4F2E-99EA-F950060B2183}.Debug|Any CPU.ActiveCfg = Debug|Any CPU
		{1B5D99CE-3669-4F2E-99EA-F950060B2183}.Debug|Any CPU.Build.0 = Debug|Any CPU
		{1B5D99CE-3669-4F2E-99EA-F950060B2183}.Release|Any CPU.ActiveCfg = Release|Any CPU
		{1B5D99CE-3669-4F2E-99EA-F950060B2183}.Release|Any CPU.Build.0 = Release|Any CPU
		{6AA737F9-0333-4B76-8FD8-07D0944D6C30}.Debug|Any CPU.ActiveCfg = Debug|Any CPU
		{6AA737F9-0333-4B76-8FD8-07D0944D6C30}.Debug|Any CPU.Build.0 = Debug|Any CPU
		{6AA737F9-0333-4B76-8FD8-07D0944D6C30}.Release|Any CPU.ActiveCfg = Release|Any CPU
		{6AA737F9-0333-4B76-8FD8-07D0944D6C30}.Release|Any CPU.Build.0 = Release|Any CPU
		{FFF6F606-1EEC-48F2-B1ED-03DCE96E60EB}.Debug|Any CPU.ActiveCfg = Debug|Any CPU
		{FFF6F606-1EEC-48F2-B1ED-03DCE96E60EB}.Debug|Any CPU.Build.0 = Debug|Any CPU
		{FFF6F606-1EEC-48F2-B1ED-03DCE96E60EB}.Release|Any CPU.ActiveCfg = Release|Any CPU
		{FFF6F606-1EEC-48F2-B1ED-03DCE96E60EB}.Release|Any CPU.Build.0 = Release|Any CPU
	EndGlobalSection
EndGlobal
